// !$*UTF8*$!
{
	archiveVersion = 1;
	classes = {
	};
	objectVersion = 51;
	objects = {

/* Begin PBXBuildFile section */
		9AA641112F38E72DB30FEE83 /* Pods_ChocofoodProject.framework in Frameworks */ = {isa = PBXBuildFile; fileRef = 773760EF97F82EAA8076824A /* Pods_ChocofoodProject.framework */; };
		FB307E6225BE40CB008C3684 /* LayerSetup.swift in Sources */ = {isa = PBXBuildFile; fileRef = FB307E6125BE40CB008C3684 /* LayerSetup.swift */; };
		FB506B4B25B61AB400C60760 /* Formatter + extension.swift in Sources */ = {isa = PBXBuildFile; fileRef = FB506B4A25B61AB400C60760 /* Formatter + extension.swift */; };
		FB506B4D25B61AD100C60760 /* Numeric + extension.swift in Sources */ = {isa = PBXBuildFile; fileRef = FB506B4C25B61AD100C60760 /* Numeric + extension.swift */; };
		FB506B4F25B6297400C60760 /* StackView + extension.swift in Sources */ = {isa = PBXBuildFile; fileRef = FB506B4E25B6297400C60760 /* StackView + extension.swift */; };
		FB506B5125B80A0900C60760 /* DetailViewController.swift in Sources */ = {isa = PBXBuildFile; fileRef = FB506B5025B80A0900C60760 /* DetailViewController.swift */; };
		FB506B5525B830E200C60760 /* UIButton + extension.swift in Sources */ = {isa = PBXBuildFile; fileRef = FB506B5425B830E200C60760 /* UIButton + extension.swift */; };
		FB506B5925B84CDB00C60760 /* DetailViewController.xib in Resources */ = {isa = PBXBuildFile; fileRef = FB506B5825B84CDB00C60760 /* DetailViewController.xib */; };
		FB506B5D25B8522300C60760 /* CollectionHeaderView.swift in Sources */ = {isa = PBXBuildFile; fileRef = FB506B5C25B8522300C60760 /* CollectionHeaderView.swift */; };
		FB506B5F25B8527A00C60760 /* CollectionViewFlowLayout.swift in Sources */ = {isa = PBXBuildFile; fileRef = FB506B5E25B8527A00C60760 /* CollectionViewFlowLayout.swift */; };
		FB506B6125B8568800C60760 /* MenuSetCell.xib in Resources */ = {isa = PBXBuildFile; fileRef = FB506B6025B8568800C60760 /* MenuSetCell.xib */; };
		FB506B6325B85CFF00C60760 /* MenuSetCell.swift in Sources */ = {isa = PBXBuildFile; fileRef = FB506B6225B85CFF00C60760 /* MenuSetCell.swift */; };
		FB506B6525B8615900C60760 /* CafeMenu.swift in Sources */ = {isa = PBXBuildFile; fileRef = FB506B6425B8615900C60760 /* CafeMenu.swift */; };
		FB506B6725B8AD4E00C60760 /* VCcontroller.swift in Sources */ = {isa = PBXBuildFile; fileRef = FB506B6625B8AD4E00C60760 /* VCcontroller.swift */; };
		FB506B6925B97A4300C60760 /* Page.swift in Sources */ = {isa = PBXBuildFile; fileRef = FB506B6825B97A4300C60760 /* Page.swift */; };
		FB506B6B25B9805800C60760 /* MainViewController.swift in Sources */ = {isa = PBXBuildFile; fileRef = FB506B6A25B9805800C60760 /* MainViewController.swift */; };
		FB506B6D25B9810B00C60760 /* MainViewController.xib in Resources */ = {isa = PBXBuildFile; fileRef = FB506B6C25B9810B00C60760 /* MainViewController.xib */; };
		FB506B7025B9889A00C60760 /* TabBarViewCell.xib in Resources */ = {isa = PBXBuildFile; fileRef = FB506B6F25B9889A00C60760 /* TabBarViewCell.xib */; };
		FB506B7225B988AD00C60760 /* TabBarViewCell.swift in Sources */ = {isa = PBXBuildFile; fileRef = FB506B7125B988AD00C60760 /* TabBarViewCell.swift */; };
		FB506B7525B9F7F400C60760 /* MViewController.swift in Sources */ = {isa = PBXBuildFile; fileRef = FB506B7425B9F7F300C60760 /* MViewController.swift */; };
		FB506B7725B9F85600C60760 /* MViewController.xib in Resources */ = {isa = PBXBuildFile; fileRef = FB506B7625B9F85600C60760 /* MViewController.xib */; };
		FB5DDED425B37CD100E6F4B1 /* SmallMenuCell.xib in Resources */ = {isa = PBXBuildFile; fileRef = FB5DDED325B37CD100E6F4B1 /* SmallMenuCell.xib */; };
		FB5DDEDC25B3A83500E6F4B1 /* SmallMenuCell.swift in Sources */ = {isa = PBXBuildFile; fileRef = FB5DDEDB25B3A83500E6F4B1 /* SmallMenuCell.swift */; };
		FBC753F625A7114A005982B5 /* AppDelegate.swift in Sources */ = {isa = PBXBuildFile; fileRef = FBC753F525A7114A005982B5 /* AppDelegate.swift */; };
		FBC753F825A7114A005982B5 /* SceneDelegate.swift in Sources */ = {isa = PBXBuildFile; fileRef = FBC753F725A7114A005982B5 /* SceneDelegate.swift */; };
		FBC753FA25A7114A005982B5 /* ViewController.swift in Sources */ = {isa = PBXBuildFile; fileRef = FBC753F925A7114A005982B5 /* ViewController.swift */; };
		FBC753FD25A7114A005982B5 /* Main.storyboard in Resources */ = {isa = PBXBuildFile; fileRef = FBC753FB25A7114A005982B5 /* Main.storyboard */; };
		FBC753FF25A7114B005982B5 /* Assets.xcassets in Resources */ = {isa = PBXBuildFile; fileRef = FBC753FE25A7114B005982B5 /* Assets.xcassets */; };
		FBC7540225A7114B005982B5 /* LaunchScreen.storyboard in Resources */ = {isa = PBXBuildFile; fileRef = FBC7540025A7114B005982B5 /* LaunchScreen.storyboard */; };
		FBC7540B25A71165005982B5 /* Cafe.swift in Sources */ = {isa = PBXBuildFile; fileRef = FBC7540A25A71165005982B5 /* Cafe.swift */; };
		FBC7540E25A711D6005982B5 /* NetworkManager.swift in Sources */ = {isa = PBXBuildFile; fileRef = FBC7540D25A711D6005982B5 /* NetworkManager.swift */; };
		FBC7541025A71819005982B5 /* MenuCell.swift in Sources */ = {isa = PBXBuildFile; fileRef = FBC7540F25A71819005982B5 /* MenuCell.swift */; };
		FBC7541D25A8A303005982B5 /* StatusResponse.swift in Sources */ = {isa = PBXBuildFile; fileRef = FBC7541C25A8A303005982B5 /* StatusResponse.swift */; };
		FBC7542125A9D9C1005982B5 /* MMessage.swift in Sources */ = {isa = PBXBuildFile; fileRef = FBC7542025A9D9C1005982B5 /* MMessage.swift */; };
		FBC7542525AB7D6A005982B5 /* URLexstension.swift in Sources */ = {isa = PBXBuildFile; fileRef = FBC7542425AB7D6A005982B5 /* URLexstension.swift */; };
		FBC7542725AB7EDF005982B5 /* APIError.swift in Sources */ = {isa = PBXBuildFile; fileRef = FBC7542625AB7EDF005982B5 /* APIError.swift */; };
		FBC7542925AB8125005982B5 /* RequestType.swift in Sources */ = {isa = PBXBuildFile; fileRef = FBC7542825AB8125005982B5 /* RequestType.swift */; };
		FBC7542F25AC984F005982B5 /* MPost.swift in Sources */ = {isa = PBXBuildFile; fileRef = FBC7542E25AC984F005982B5 /* MPost.swift */; };
		FBC7543925AEDC2E005982B5 /* MenuCell.xib in Resources */ = {isa = PBXBuildFile; fileRef = FBC7543825AEDC2E005982B5 /* MenuCell.xib */; };
		FBC7543B25AF0C60005982B5 /* UIView + extension.swift in Sources */ = {isa = PBXBuildFile; fileRef = FBC7543A25AF0C60005982B5 /* UIView + extension.swift */; };
		FBC7544725B1ECA7005982B5 /* ViewController.xib in Resources */ = {isa = PBXBuildFile; fileRef = FBC7544625B1ECA6005982B5 /* ViewController.xib */; };
		FBC7544925B245D3005982B5 /* UIImage + extension.swift in Sources */ = {isa = PBXBuildFile; fileRef = FBC7544825B245D3005982B5 /* UIImage + extension.swift */; };
		FBD9F41D25BC4FD900AECEF6 /* SectionHeader.swift in Sources */ = {isa = PBXBuildFile; fileRef = FBD9F41C25BC4FD900AECEF6 /* SectionHeader.swift */; };
		FBD9F44525BCB04800AECEF6 /* ClassReusable.swift in Sources */ = {isa = PBXBuildFile; fileRef = FBD9F44425BCB04800AECEF6 /* ClassReusable.swift */; };
		FBD9F44725BCBFC100AECEF6 /* CollectionViewController.swift in Sources */ = {isa = PBXBuildFile; fileRef = FBD9F44625BCBFC100AECEF6 /* CollectionViewController.swift */; };
		FBD9F44925BCBFFF00AECEF6 /* CollectionViewController.xib in Resources */ = {isa = PBXBuildFile; fileRef = FBD9F44825BCBFFE00AECEF6 /* CollectionViewController.xib */; };
/* End PBXBuildFile section */

/* Begin PBXFileReference section */
		6B1F54047454340B0DE15250 /* Pods-ChocofoodProject.debug.xcconfig */ = {isa = PBXFileReference; includeInIndex = 1; lastKnownFileType = text.xcconfig; name = "Pods-ChocofoodProject.debug.xcconfig"; path = "Target Support Files/Pods-ChocofoodProject/Pods-ChocofoodProject.debug.xcconfig"; sourceTree = "<group>"; };
		773760EF97F82EAA8076824A /* Pods_ChocofoodProject.framework */ = {isa = PBXFileReference; explicitFileType = wrapper.framework; includeInIndex = 0; path = Pods_ChocofoodProject.framework; sourceTree = BUILT_PRODUCTS_DIR; };
		B64276DCDE59AFB04CFBD1B3 /* Pods-ChocofoodProject.release.xcconfig */ = {isa = PBXFileReference; includeInIndex = 1; lastKnownFileType = text.xcconfig; name = "Pods-ChocofoodProject.release.xcconfig"; path = "Target Support Files/Pods-ChocofoodProject/Pods-ChocofoodProject.release.xcconfig"; sourceTree = "<group>"; };
		FB307E6125BE40CB008C3684 /* LayerSetup.swift */ = {isa = PBXFileReference; lastKnownFileType = sourcecode.swift; path = LayerSetup.swift; sourceTree = "<group>"; };
		FB506B4A25B61AB400C60760 /* Formatter + extension.swift */ = {isa = PBXFileReference; lastKnownFileType = sourcecode.swift; path = "Formatter + extension.swift"; sourceTree = "<group>"; };
		FB506B4C25B61AD100C60760 /* Numeric + extension.swift */ = {isa = PBXFileReference; lastKnownFileType = sourcecode.swift; path = "Numeric + extension.swift"; sourceTree = "<group>"; };
		FB506B4E25B6297400C60760 /* StackView + extension.swift */ = {isa = PBXFileReference; lastKnownFileType = sourcecode.swift; path = "StackView + extension.swift"; sourceTree = "<group>"; };
		FB506B5025B80A0900C60760 /* DetailViewController.swift */ = {isa = PBXFileReference; lastKnownFileType = sourcecode.swift; path = DetailViewController.swift; sourceTree = "<group>"; };
		FB506B5425B830E200C60760 /* UIButton + extension.swift */ = {isa = PBXFileReference; lastKnownFileType = sourcecode.swift; path = "UIButton + extension.swift"; sourceTree = "<group>"; };
		FB506B5825B84CDB00C60760 /* DetailViewController.xib */ = {isa = PBXFileReference; lastKnownFileType = file.xib; path = DetailViewController.xib; sourceTree = "<group>"; };
		FB506B5C25B8522300C60760 /* CollectionHeaderView.swift */ = {isa = PBXFileReference; lastKnownFileType = sourcecode.swift; path = CollectionHeaderView.swift; sourceTree = "<group>"; };
		FB506B5E25B8527A00C60760 /* CollectionViewFlowLayout.swift */ = {isa = PBXFileReference; lastKnownFileType = sourcecode.swift; path = CollectionViewFlowLayout.swift; sourceTree = "<group>"; };
		FB506B6025B8568800C60760 /* MenuSetCell.xib */ = {isa = PBXFileReference; lastKnownFileType = file.xib; path = MenuSetCell.xib; sourceTree = "<group>"; };
		FB506B6225B85CFF00C60760 /* MenuSetCell.swift */ = {isa = PBXFileReference; lastKnownFileType = sourcecode.swift; path = MenuSetCell.swift; sourceTree = "<group>"; };
		FB506B6425B8615900C60760 /* CafeMenu.swift */ = {isa = PBXFileReference; lastKnownFileType = sourcecode.swift; path = CafeMenu.swift; sourceTree = "<group>"; };
		FB506B6625B8AD4E00C60760 /* VCcontroller.swift */ = {isa = PBXFileReference; lastKnownFileType = sourcecode.swift; path = VCcontroller.swift; sourceTree = "<group>"; };
		FB506B6825B97A4300C60760 /* Page.swift */ = {isa = PBXFileReference; lastKnownFileType = sourcecode.swift; path = Page.swift; sourceTree = "<group>"; };
		FB506B6A25B9805800C60760 /* MainViewController.swift */ = {isa = PBXFileReference; lastKnownFileType = sourcecode.swift; path = MainViewController.swift; sourceTree = "<group>"; };
		FB506B6C25B9810B00C60760 /* MainViewController.xib */ = {isa = PBXFileReference; lastKnownFileType = file.xib; path = MainViewController.xib; sourceTree = "<group>"; };
		FB506B6F25B9889A00C60760 /* TabBarViewCell.xib */ = {isa = PBXFileReference; lastKnownFileType = file.xib; path = TabBarViewCell.xib; sourceTree = "<group>"; };
		FB506B7125B988AD00C60760 /* TabBarViewCell.swift */ = {isa = PBXFileReference; lastKnownFileType = sourcecode.swift; path = TabBarViewCell.swift; sourceTree = "<group>"; };
		FB506B7425B9F7F300C60760 /* MViewController.swift */ = {isa = PBXFileReference; lastKnownFileType = sourcecode.swift; path = MViewController.swift; sourceTree = "<group>"; };
		FB506B7625B9F85600C60760 /* MViewController.xib */ = {isa = PBXFileReference; lastKnownFileType = file.xib; path = MViewController.xib; sourceTree = "<group>"; };
		FB5DDED225B339D000E6F4B1 /* CenturyGothic.ttf */ = {isa = PBXFileReference; lastKnownFileType = file; path = CenturyGothic.ttf; sourceTree = "<group>"; };
		FB5DDED325B37CD100E6F4B1 /* SmallMenuCell.xib */ = {isa = PBXFileReference; lastKnownFileType = file.xib; path = SmallMenuCell.xib; sourceTree = "<group>"; };
		FB5DDEDB25B3A83500E6F4B1 /* SmallMenuCell.swift */ = {isa = PBXFileReference; lastKnownFileType = sourcecode.swift; path = SmallMenuCell.swift; sourceTree = "<group>"; };
		FBC753F225A7114A005982B5 /* ChocofoodProject.app */ = {isa = PBXFileReference; explicitFileType = wrapper.application; includeInIndex = 0; path = ChocofoodProject.app; sourceTree = BUILT_PRODUCTS_DIR; };
		FBC753F525A7114A005982B5 /* AppDelegate.swift */ = {isa = PBXFileReference; lastKnownFileType = sourcecode.swift; path = AppDelegate.swift; sourceTree = "<group>"; };
		FBC753F725A7114A005982B5 /* SceneDelegate.swift */ = {isa = PBXFileReference; lastKnownFileType = sourcecode.swift; path = SceneDelegate.swift; sourceTree = "<group>"; };
		FBC753F925A7114A005982B5 /* ViewController.swift */ = {isa = PBXFileReference; lastKnownFileType = sourcecode.swift; path = ViewController.swift; sourceTree = "<group>"; };
		FBC753FC25A7114A005982B5 /* Base */ = {isa = PBXFileReference; lastKnownFileType = file.storyboard; name = Base; path = Base.lproj/Main.storyboard; sourceTree = "<group>"; };
		FBC753FE25A7114B005982B5 /* Assets.xcassets */ = {isa = PBXFileReference; lastKnownFileType = folder.assetcatalog; path = Assets.xcassets; sourceTree = "<group>"; };
		FBC7540125A7114B005982B5 /* Base */ = {isa = PBXFileReference; lastKnownFileType = file.storyboard; name = Base; path = Base.lproj/LaunchScreen.storyboard; sourceTree = "<group>"; };
		FBC7540325A7114B005982B5 /* Info.plist */ = {isa = PBXFileReference; lastKnownFileType = text.plist.xml; path = Info.plist; sourceTree = "<group>"; };
		FBC7540A25A71165005982B5 /* Cafe.swift */ = {isa = PBXFileReference; lastKnownFileType = sourcecode.swift; path = Cafe.swift; sourceTree = "<group>"; };
		FBC7540D25A711D6005982B5 /* NetworkManager.swift */ = {isa = PBXFileReference; lastKnownFileType = sourcecode.swift; path = NetworkManager.swift; sourceTree = "<group>"; };
		FBC7540F25A71819005982B5 /* MenuCell.swift */ = {isa = PBXFileReference; lastKnownFileType = sourcecode.swift; path = MenuCell.swift; sourceTree = "<group>"; };
		FBC7541C25A8A303005982B5 /* StatusResponse.swift */ = {isa = PBXFileReference; lastKnownFileType = sourcecode.swift; path = StatusResponse.swift; sourceTree = "<group>"; };
		FBC7542025A9D9C1005982B5 /* MMessage.swift */ = {isa = PBXFileReference; lastKnownFileType = sourcecode.swift; path = MMessage.swift; sourceTree = "<group>"; };
		FBC7542425AB7D6A005982B5 /* URLexstension.swift */ = {isa = PBXFileReference; lastKnownFileType = sourcecode.swift; path = URLexstension.swift; sourceTree = "<group>"; };
		FBC7542625AB7EDF005982B5 /* APIError.swift */ = {isa = PBXFileReference; lastKnownFileType = sourcecode.swift; path = APIError.swift; sourceTree = "<group>"; };
		FBC7542825AB8125005982B5 /* RequestType.swift */ = {isa = PBXFileReference; lastKnownFileType = sourcecode.swift; path = RequestType.swift; sourceTree = "<group>"; };
		FBC7542E25AC984F005982B5 /* MPost.swift */ = {isa = PBXFileReference; lastKnownFileType = sourcecode.swift; path = MPost.swift; sourceTree = "<group>"; };
		FBC7543825AEDC2E005982B5 /* MenuCell.xib */ = {isa = PBXFileReference; lastKnownFileType = file.xib; path = MenuCell.xib; sourceTree = "<group>"; };
		FBC7543A25AF0C60005982B5 /* UIView + extension.swift */ = {isa = PBXFileReference; lastKnownFileType = sourcecode.swift; path = "UIView + extension.swift"; sourceTree = "<group>"; };
		FBC7544625B1ECA6005982B5 /* ViewController.xib */ = {isa = PBXFileReference; fileEncoding = 4; lastKnownFileType = file.xib; path = ViewController.xib; sourceTree = "<group>"; };
		FBC7544825B245D3005982B5 /* UIImage + extension.swift */ = {isa = PBXFileReference; lastKnownFileType = sourcecode.swift; path = "UIImage + extension.swift"; sourceTree = "<group>"; };
		FBD9F41C25BC4FD900AECEF6 /* SectionHeader.swift */ = {isa = PBXFileReference; lastKnownFileType = sourcecode.swift; path = SectionHeader.swift; sourceTree = "<group>"; };
		FBD9F44425BCB04800AECEF6 /* ClassReusable.swift */ = {isa = PBXFileReference; lastKnownFileType = sourcecode.swift; path = ClassReusable.swift; sourceTree = "<group>"; };
		FBD9F44625BCBFC100AECEF6 /* CollectionViewController.swift */ = {isa = PBXFileReference; lastKnownFileType = sourcecode.swift; path = CollectionViewController.swift; sourceTree = "<group>"; };
		FBD9F44825BCBFFE00AECEF6 /* CollectionViewController.xib */ = {isa = PBXFileReference; lastKnownFileType = file.xib; path = CollectionViewController.xib; sourceTree = "<group>"; };
/* End PBXFileReference section */

/* Begin PBXFrameworksBuildPhase section */
		FBC753EF25A7114A005982B5 /* Frameworks */ = {
			isa = PBXFrameworksBuildPhase;
			buildActionMask = 2147483647;
			files = (
				9AA641112F38E72DB30FEE83 /* Pods_ChocofoodProject.framework in Frameworks */,
			);
			runOnlyForDeploymentPostprocessing = 0;
		};
/* End PBXFrameworksBuildPhase section */

/* Begin PBXGroup section */
		075046EB02E302D58BF9D6F1 /* Frameworks */ = {
			isa = PBXGroup;
			children = (
				773760EF97F82EAA8076824A /* Pods_ChocofoodProject.framework */,
			);
			name = Frameworks;
			sourceTree = "<group>";
		};
		A3573FC4D9DA97F42D84D136 /* Pods */ = {
			isa = PBXGroup;
			children = (
				6B1F54047454340B0DE15250 /* Pods-ChocofoodProject.debug.xcconfig */,
				B64276DCDE59AFB04CFBD1B3 /* Pods-ChocofoodProject.release.xcconfig */,
			);
			path = Pods;
			sourceTree = "<group>";
		};
		FB506B6E25B9884B00C60760 /* CellView */ = {
			isa = PBXGroup;
			children = (
				FB506B6025B8568800C60760 /* MenuSetCell.xib */,
				FB506B6225B85CFF00C60760 /* MenuSetCell.swift */,
				FB506B6F25B9889A00C60760 /* TabBarViewCell.xib */,
				FB506B7125B988AD00C60760 /* TabBarViewCell.swift */,
			);
			path = CellView;
			sourceTree = "<group>";
		};
		FB506B7325B9F7B900C60760 /* VC */ = {
			isa = PBXGroup;
			children = (
				FB506B7425B9F7F300C60760 /* MViewController.swift */,
				FB506B7625B9F85600C60760 /* MViewController.xib */,
				FBD9F41C25BC4FD900AECEF6 /* SectionHeader.swift */,
				FBD9F44425BCB04800AECEF6 /* ClassReusable.swift */,
				FBD9F44625BCBFC100AECEF6 /* CollectionViewController.swift */,
				FBD9F44825BCBFFE00AECEF6 /* CollectionViewController.xib */,
			);
			path = VC;
			sourceTree = "<group>";
		};
		FB5DDED125B2EBDE00E6F4B1 /* Fonts */ = {
			isa = PBXGroup;
			children = (
				FB5DDED225B339D000E6F4B1 /* CenturyGothic.ttf */,
			);
			path = Fonts;
			sourceTree = "<group>";
		};
		FBC753E925A7114A005982B5 = {
			isa = PBXGroup;
			children = (
				FBC753F425A7114A005982B5 /* ChocofoodProject */,
				FBC753F325A7114A005982B5 /* Products */,
				A3573FC4D9DA97F42D84D136 /* Pods */,
				075046EB02E302D58BF9D6F1 /* Frameworks */,
			);
			sourceTree = "<group>";
		};
		FBC753F325A7114A005982B5 /* Products */ = {
			isa = PBXGroup;
			children = (
				FBC753F225A7114A005982B5 /* ChocofoodProject.app */,
			);
			name = Products;
			sourceTree = "<group>";
		};
		FBC753F425A7114A005982B5 /* ChocofoodProject */ = {
			isa = PBXGroup;
			children = (
				FB5DDED125B2EBDE00E6F4B1 /* Fonts */,
				FBC7543525AD0019005982B5 /* Network */,
				FBC7543425ACFFA3005982B5 /* Extesions */,
				FBC7540925A71155005982B5 /* Model */,
				FBC7541125A726C4005982B5 /* DetailViewController */,
				FB506B7325B9F7B900C60760 /* VC */,
				FBC7540C25A711A2005982B5 /* ViewControllers */,
				FBC753F525A7114A005982B5 /* AppDelegate.swift */,
				FBC753F725A7114A005982B5 /* SceneDelegate.swift */,
				FBC753FB25A7114A005982B5 /* Main.storyboard */,
				FBC753FE25A7114B005982B5 /* Assets.xcassets */,
				FBC7540025A7114B005982B5 /* LaunchScreen.storyboard */,
				FBC7540325A7114B005982B5 /* Info.plist */,
				FB307E6125BE40CB008C3684 /* LayerSetup.swift */,
			);
			path = ChocofoodProject;
			sourceTree = "<group>";
		};
		FBC7540925A71155005982B5 /* Model */ = {
			isa = PBXGroup;
			children = (
				FBC7542E25AC984F005982B5 /* MPost.swift */,
				FBC7540A25A71165005982B5 /* Cafe.swift */,
				FBC7542025A9D9C1005982B5 /* MMessage.swift */,
				FB506B6425B8615900C60760 /* CafeMenu.swift */,
				FB506B6825B97A4300C60760 /* Page.swift */,
			);
			path = Model;
			sourceTree = "<group>";
		};
		FBC7540C25A711A2005982B5 /* ViewControllers */ = {
			isa = PBXGroup;
			children = (
				FB5DDEDB25B3A83500E6F4B1 /* SmallMenuCell.swift */,
				FB5DDED325B37CD100E6F4B1 /* SmallMenuCell.xib */,
				FBC7540F25A71819005982B5 /* MenuCell.swift */,
				FBC7543825AEDC2E005982B5 /* MenuCell.xib */,
				FBC753F925A7114A005982B5 /* ViewController.swift */,
				FBC7544625B1ECA6005982B5 /* ViewController.xib */,
			);
			path = ViewControllers;
			sourceTree = "<group>";
		};
		FBC7541125A726C4005982B5 /* DetailViewController */ = {
			isa = PBXGroup;
			children = (
				FB506B6E25B9884B00C60760 /* CellView */,
				FB506B5025B80A0900C60760 /* DetailViewController.swift */,
				FB506B5825B84CDB00C60760 /* DetailViewController.xib */,
				FB506B5C25B8522300C60760 /* CollectionHeaderView.swift */,
				FB506B5E25B8527A00C60760 /* CollectionViewFlowLayout.swift */,
				FB506B6625B8AD4E00C60760 /* VCcontroller.swift */,
				FB506B6A25B9805800C60760 /* MainViewController.swift */,
				FB506B6C25B9810B00C60760 /* MainViewController.xib */,
			);
			path = DetailViewController;
			sourceTree = "<group>";
		};
		FBC7543425ACFFA3005982B5 /* Extesions */ = {
			isa = PBXGroup;
			children = (
				FBC7542425AB7D6A005982B5 /* URLexstension.swift */,
				FBC7543A25AF0C60005982B5 /* UIView + extension.swift */,
				FBC7544825B245D3005982B5 /* UIImage + extension.swift */,
				FB506B4A25B61AB400C60760 /* Formatter + extension.swift */,
				FB506B4C25B61AD100C60760 /* Numeric + extension.swift */,
				FB506B4E25B6297400C60760 /* StackView + extension.swift */,
				FB506B5425B830E200C60760 /* UIButton + extension.swift */,
			);
			path = Extesions;
			sourceTree = "<group>";
		};
		FBC7543525AD0019005982B5 /* Network */ = {
			isa = PBXGroup;
			children = (
				FBC7540D25A711D6005982B5 /* NetworkManager.swift */,
				FBC7542825AB8125005982B5 /* RequestType.swift */,
				FBC7541C25A8A303005982B5 /* StatusResponse.swift */,
				FBC7542625AB7EDF005982B5 /* APIError.swift */,
			);
			path = Network;
			sourceTree = "<group>";
		};
/* End PBXGroup section */

/* Begin PBXNativeTarget section */
		FBC753F125A7114A005982B5 /* ChocofoodProject */ = {
			isa = PBXNativeTarget;
			buildConfigurationList = FBC7540625A7114B005982B5 /* Build configuration list for PBXNativeTarget "ChocofoodProject" */;
			buildPhases = (
				4388DA6244E6BAD7AB4906EB /* [CP] Check Pods Manifest.lock */,
				FBC753EE25A7114A005982B5 /* Sources */,
				FBC753EF25A7114A005982B5 /* Frameworks */,
				FBC753F025A7114A005982B5 /* Resources */,
				E3466AC06F19E1D46CAD6BCE /* [CP] Embed Pods Frameworks */,
			);
			buildRules = (
			);
			dependencies = (
			);
			name = ChocofoodProject;
			productName = ChocofoodProject;
			productReference = FBC753F225A7114A005982B5 /* ChocofoodProject.app */;
			productType = "com.apple.product-type.application";
		};
/* End PBXNativeTarget section */

/* Begin PBXProject section */
		FBC753EA25A7114A005982B5 /* Project object */ = {
			isa = PBXProject;
			attributes = {
				LastSwiftUpdateCheck = 1170;
				LastUpgradeCheck = 1170;
				ORGANIZATIONNAME = "Murat Merekov";
				TargetAttributes = {
					FBC753F125A7114A005982B5 = {
						CreatedOnToolsVersion = 11.7;
					};
				};
			};
			buildConfigurationList = FBC753ED25A7114A005982B5 /* Build configuration list for PBXProject "ChocofoodProject" */;
			compatibilityVersion = "Xcode 9.3";
			developmentRegion = en;
			hasScannedForEncodings = 0;
			knownRegions = (
				en,
				Base,
			);
			mainGroup = FBC753E925A7114A005982B5;
			productRefGroup = FBC753F325A7114A005982B5 /* Products */;
			projectDirPath = "";
			projectRoot = "";
			targets = (
				FBC753F125A7114A005982B5 /* ChocofoodProject */,
			);
		};
/* End PBXProject section */

/* Begin PBXResourcesBuildPhase section */
		FBC753F025A7114A005982B5 /* Resources */ = {
			isa = PBXResourcesBuildPhase;
			buildActionMask = 2147483647;
			files = (
				FBD9F44925BCBFFF00AECEF6 /* CollectionViewController.xib in Resources */,
				FBC7544725B1ECA7005982B5 /* ViewController.xib in Resources */,
				FB506B6125B8568800C60760 /* MenuSetCell.xib in Resources */,
				FBC7540225A7114B005982B5 /* LaunchScreen.storyboard in Resources */,
				FB506B6D25B9810B00C60760 /* MainViewController.xib in Resources */,
				FB5DDED425B37CD100E6F4B1 /* SmallMenuCell.xib in Resources */,
				FB506B7725B9F85600C60760 /* MViewController.xib in Resources */,
				FBC753FF25A7114B005982B5 /* Assets.xcassets in Resources */,
				FB506B5925B84CDB00C60760 /* DetailViewController.xib in Resources */,
				FBC7543925AEDC2E005982B5 /* MenuCell.xib in Resources */,
				FB506B7025B9889A00C60760 /* TabBarViewCell.xib in Resources */,
				FBC753FD25A7114A005982B5 /* Main.storyboard in Resources */,
			);
			runOnlyForDeploymentPostprocessing = 0;
		};
/* End PBXResourcesBuildPhase section */

/* Begin PBXShellScriptBuildPhase section */
		4388DA6244E6BAD7AB4906EB /* [CP] Check Pods Manifest.lock */ = {
			isa = PBXShellScriptBuildPhase;
			buildActionMask = 2147483647;
			files = (
			);
			inputFileListPaths = (
			);
			inputPaths = (
				"${PODS_PODFILE_DIR_PATH}/Podfile.lock",
				"${PODS_ROOT}/Manifest.lock",
			);
			name = "[CP] Check Pods Manifest.lock";
			outputFileListPaths = (
			);
			outputPaths = (
				"$(DERIVED_FILE_DIR)/Pods-ChocofoodProject-checkManifestLockResult.txt",
			);
			runOnlyForDeploymentPostprocessing = 0;
			shellPath = /bin/sh;
			shellScript = "diff \"${PODS_PODFILE_DIR_PATH}/Podfile.lock\" \"${PODS_ROOT}/Manifest.lock\" > /dev/null\nif [ $? != 0 ] ; then\n    # print error to STDERR\n    echo \"error: The sandbox is not in sync with the Podfile.lock. Run 'pod install' or update your CocoaPods installation.\" >&2\n    exit 1\nfi\n# This output is used by Xcode 'outputs' to avoid re-running this script phase.\necho \"SUCCESS\" > \"${SCRIPT_OUTPUT_FILE_0}\"\n";
			showEnvVarsInLog = 0;
		};
		E3466AC06F19E1D46CAD6BCE /* [CP] Embed Pods Frameworks */ = {
			isa = PBXShellScriptBuildPhase;
			buildActionMask = 2147483647;
			files = (
			);
			inputFileListPaths = (
				"${PODS_ROOT}/Target Support Files/Pods-ChocofoodProject/Pods-ChocofoodProject-frameworks-${CONFIGURATION}-input-files.xcfilelist",
			);
			name = "[CP] Embed Pods Frameworks";
			outputFileListPaths = (
				"${PODS_ROOT}/Target Support Files/Pods-ChocofoodProject/Pods-ChocofoodProject-frameworks-${CONFIGURATION}-output-files.xcfilelist",
			);
			runOnlyForDeploymentPostprocessing = 0;
			shellPath = /bin/sh;
			shellScript = "\"${PODS_ROOT}/Target Support Files/Pods-ChocofoodProject/Pods-ChocofoodProject-frameworks.sh\"\n";
			showEnvVarsInLog = 0;
		};
/* End PBXShellScriptBuildPhase section */

/* Begin PBXSourcesBuildPhase section */
		FBC753EE25A7114A005982B5 /* Sources */ = {
			isa = PBXSourcesBuildPhase;
			buildActionMask = 2147483647;
			files = (
				FB506B6325B85CFF00C60760 /* MenuSetCell.swift in Sources */,
				FBC753FA25A7114A005982B5 /* ViewController.swift in Sources */,
				FBC753F625A7114A005982B5 /* AppDelegate.swift in Sources */,
				FB506B4B25B61AB400C60760 /* Formatter + extension.swift in Sources */,
				FBD9F44725BCBFC100AECEF6 /* CollectionViewController.swift in Sources */,
				FB5DDEDC25B3A83500E6F4B1 /* SmallMenuCell.swift in Sources */,
				FBC7540E25A711D6005982B5 /* NetworkManager.swift in Sources */,
				FBC7542125A9D9C1005982B5 /* MMessage.swift in Sources */,
				FB307E6225BE40CB008C3684 /* LayerSetup.swift in Sources */,
				FBC7544925B245D3005982B5 /* UIImage + extension.swift in Sources */,
				FB506B4F25B6297400C60760 /* StackView + extension.swift in Sources */,
				FBC7542525AB7D6A005982B5 /* URLexstension.swift in Sources */,
				FB506B6725B8AD4E00C60760 /* VCcontroller.swift in Sources */,
				FBC7542925AB8125005982B5 /* RequestType.swift in Sources */,
				FB506B5125B80A0900C60760 /* DetailViewController.swift in Sources */,
				FBC7540B25A71165005982B5 /* Cafe.swift in Sources */,
				FB506B6925B97A4300C60760 /* Page.swift in Sources */,
				FB506B6525B8615900C60760 /* CafeMenu.swift in Sources */,
				FBD9F41D25BC4FD900AECEF6 /* SectionHeader.swift in Sources */,
				FB506B4D25B61AD100C60760 /* Numeric + extension.swift in Sources */,
				FBC7542725AB7EDF005982B5 /* APIError.swift in Sources */,
				FBC7543B25AF0C60005982B5 /* UIView + extension.swift in Sources */,
				FBC753F825A7114A005982B5 /* SceneDelegate.swift in Sources */,
				FBC7541025A71819005982B5 /* MenuCell.swift in Sources */,
				FBD9F44525BCB04800AECEF6 /* ClassReusable.swift in Sources */,
				FBC7542F25AC984F005982B5 /* MPost.swift in Sources */,
				FB506B5F25B8527A00C60760 /* CollectionViewFlowLayout.swift in Sources */,
				FB506B7525B9F7F400C60760 /* MViewController.swift in Sources */,
				FB506B5D25B8522300C60760 /* CollectionHeaderView.swift in Sources */,
				FB506B6B25B9805800C60760 /* MainViewController.swift in Sources */,
				FBC7541D25A8A303005982B5 /* StatusResponse.swift in Sources */,
				FB506B7225B988AD00C60760 /* TabBarViewCell.swift in Sources */,
				FB506B5525B830E200C60760 /* UIButton + extension.swift in Sources */,
			);
			runOnlyForDeploymentPostprocessing = 0;
		};
/* End PBXSourcesBuildPhase section */

/* Begin PBXVariantGroup section */
		FBC753FB25A7114A005982B5 /* Main.storyboard */ = {
			isa = PBXVariantGroup;
			children = (
				FBC753FC25A7114A005982B5 /* Base */,
			);
			name = Main.storyboard;
			sourceTree = "<group>";
		};
		FBC7540025A7114B005982B5 /* LaunchScreen.storyboard */ = {
			isa = PBXVariantGroup;
			children = (
				FBC7540125A7114B005982B5 /* Base */,
			);
			name = LaunchScreen.storyboard;
			sourceTree = "<group>";
		};
/* End PBXVariantGroup section */

/* Begin XCBuildConfiguration section */
		FBC7540425A7114B005982B5 /* Debug */ = {
			isa = XCBuildConfiguration;
			buildSettings = {
				ALWAYS_SEARCH_USER_PATHS = NO;
				CLANG_ANALYZER_NONNULL = YES;
				CLANG_ANALYZER_NUMBER_OBJECT_CONVERSION = YES_AGGRESSIVE;
				CLANG_CXX_LANGUAGE_STANDARD = "gnu++14";
				CLANG_CXX_LIBRARY = "libc++";
				CLANG_ENABLE_MODULES = YES;
				CLANG_ENABLE_OBJC_ARC = YES;
				CLANG_ENABLE_OBJC_WEAK = YES;
				CLANG_WARN_BLOCK_CAPTURE_AUTORELEASING = YES;
				CLANG_WARN_BOOL_CONVERSION = YES;
				CLANG_WARN_COMMA = YES;
				CLANG_WARN_CONSTANT_CONVERSION = YES;
				CLANG_WARN_DEPRECATED_OBJC_IMPLEMENTATIONS = YES;
				CLANG_WARN_DIRECT_OBJC_ISA_USAGE = YES_ERROR;
				CLANG_WARN_DOCUMENTATION_COMMENTS = YES;
				CLANG_WARN_EMPTY_BODY = YES;
				CLANG_WARN_ENUM_CONVERSION = YES;
				CLANG_WARN_INFINITE_RECURSION = YES;
				CLANG_WARN_INT_CONVERSION = YES;
				CLANG_WARN_NON_LITERAL_NULL_CONVERSION = YES;
				CLANG_WARN_OBJC_IMPLICIT_RETAIN_SELF = YES;
				CLANG_WARN_OBJC_LITERAL_CONVERSION = YES;
				CLANG_WARN_OBJC_ROOT_CLASS = YES_ERROR;
				CLANG_WARN_RANGE_LOOP_ANALYSIS = YES;
				CLANG_WARN_STRICT_PROTOTYPES = YES;
				CLANG_WARN_SUSPICIOUS_MOVE = YES;
				CLANG_WARN_UNGUARDED_AVAILABILITY = YES_AGGRESSIVE;
				CLANG_WARN_UNREACHABLE_CODE = YES;
				CLANG_WARN__DUPLICATE_METHOD_MATCH = YES;
				COPY_PHASE_STRIP = NO;
				DEBUG_INFORMATION_FORMAT = dwarf;
				ENABLE_STRICT_OBJC_MSGSEND = YES;
				ENABLE_TESTABILITY = YES;
				GCC_C_LANGUAGE_STANDARD = gnu11;
				GCC_DYNAMIC_NO_PIC = NO;
				GCC_NO_COMMON_BLOCKS = YES;
				GCC_OPTIMIZATION_LEVEL = 0;
				GCC_PREPROCESSOR_DEFINITIONS = (
					"DEBUG=1",
					"$(inherited)",
				);
				GCC_WARN_64_TO_32_BIT_CONVERSION = YES;
				GCC_WARN_ABOUT_RETURN_TYPE = YES_ERROR;
				GCC_WARN_UNDECLARED_SELECTOR = YES;
				GCC_WARN_UNINITIALIZED_AUTOS = YES_AGGRESSIVE;
				GCC_WARN_UNUSED_FUNCTION = YES;
				GCC_WARN_UNUSED_VARIABLE = YES;
				IPHONEOS_DEPLOYMENT_TARGET = 13.7;
				MTL_ENABLE_DEBUG_INFO = INCLUDE_SOURCE;
				MTL_FAST_MATH = YES;
				ONLY_ACTIVE_ARCH = YES;
				SDKROOT = iphoneos;
				SWIFT_ACTIVE_COMPILATION_CONDITIONS = DEBUG;
				SWIFT_OPTIMIZATION_LEVEL = "-Onone";
			};
			name = Debug;
		};
		FBC7540525A7114B005982B5 /* Release */ = {
			isa = XCBuildConfiguration;
			buildSettings = {
				ALWAYS_SEARCH_USER_PATHS = NO;
				CLANG_ANALYZER_NONNULL = YES;
				CLANG_ANALYZER_NUMBER_OBJECT_CONVERSION = YES_AGGRESSIVE;
				CLANG_CXX_LANGUAGE_STANDARD = "gnu++14";
				CLANG_CXX_LIBRARY = "libc++";
				CLANG_ENABLE_MODULES = YES;
				CLANG_ENABLE_OBJC_ARC = YES;
				CLANG_ENABLE_OBJC_WEAK = YES;
				CLANG_WARN_BLOCK_CAPTURE_AUTORELEASING = YES;
				CLANG_WARN_BOOL_CONVERSION = YES;
				CLANG_WARN_COMMA = YES;
				CLANG_WARN_CONSTANT_CONVERSION = YES;
				CLANG_WARN_DEPRECATED_OBJC_IMPLEMENTATIONS = YES;
				CLANG_WARN_DIRECT_OBJC_ISA_USAGE = YES_ERROR;
				CLANG_WARN_DOCUMENTATION_COMMENTS = YES;
				CLANG_WARN_EMPTY_BODY = YES;
				CLANG_WARN_ENUM_CONVERSION = YES;
				CLANG_WARN_INFINITE_RECURSION = YES;
				CLANG_WARN_INT_CONVERSION = YES;
				CLANG_WARN_NON_LITERAL_NULL_CONVERSION = YES;
				CLANG_WARN_OBJC_IMPLICIT_RETAIN_SELF = YES;
				CLANG_WARN_OBJC_LITERAL_CONVERSION = YES;
				CLANG_WARN_OBJC_ROOT_CLASS = YES_ERROR;
				CLANG_WARN_RANGE_LOOP_ANALYSIS = YES;
				CLANG_WARN_STRICT_PROTOTYPES = YES;
				CLANG_WARN_SUSPICIOUS_MOVE = YES;
				CLANG_WARN_UNGUARDED_AVAILABILITY = YES_AGGRESSIVE;
				CLANG_WARN_UNREACHABLE_CODE = YES;
				CLANG_WARN__DUPLICATE_METHOD_MATCH = YES;
				COPY_PHASE_STRIP = NO;
				DEBUG_INFORMATION_FORMAT = "dwarf-with-dsym";
				ENABLE_NS_ASSERTIONS = NO;
				ENABLE_STRICT_OBJC_MSGSEND = YES;
				GCC_C_LANGUAGE_STANDARD = gnu11;
				GCC_NO_COMMON_BLOCKS = YES;
				GCC_WARN_64_TO_32_BIT_CONVERSION = YES;
				GCC_WARN_ABOUT_RETURN_TYPE = YES_ERROR;
				GCC_WARN_UNDECLARED_SELECTOR = YES;
				GCC_WARN_UNINITIALIZED_AUTOS = YES_AGGRESSIVE;
				GCC_WARN_UNUSED_FUNCTION = YES;
				GCC_WARN_UNUSED_VARIABLE = YES;
				IPHONEOS_DEPLOYMENT_TARGET = 13.7;
				MTL_ENABLE_DEBUG_INFO = NO;
				MTL_FAST_MATH = YES;
				SDKROOT = iphoneos;
				SWIFT_COMPILATION_MODE = wholemodule;
				SWIFT_OPTIMIZATION_LEVEL = "-O";
				VALIDATE_PRODUCT = YES;
			};
			name = Release;
		};
		FBC7540725A7114B005982B5 /* Debug */ = {
			isa = XCBuildConfiguration;
			baseConfigurationReference = 6B1F54047454340B0DE15250 /* Pods-ChocofoodProject.debug.xcconfig */;
			buildSettings = {
				ASSETCATALOG_COMPILER_APPICON_NAME = AppIcon;
				CODE_SIGN_STYLE = Automatic;
				DEVELOPMENT_TEAM = KKAPFUUV8S;
				INFOPLIST_FILE = ChocofoodProject/Info.plist;
				LD_RUNPATH_SEARCH_PATHS = (
					"$(inherited)",
					"@executable_path/Frameworks",
				);
				PRODUCT_BUNDLE_IDENTIFIER = com.MuratMerekov.ChocofoodProject;
				PRODUCT_NAME = "$(TARGET_NAME)";
				SWIFT_VERSION = 5.0;
				TARGETED_DEVICE_FAMILY = "1,2";
			};
			name = Debug;
		};
		FBC7540825A7114B005982B5 /* Release */ = {
			isa = XCBuildConfiguration;
			baseConfigurationReference = B64276DCDE59AFB04CFBD1B3 /* Pods-ChocofoodProject.release.xcconfig */;
			buildSettings = {
				ASSETCATALOG_COMPILER_APPICON_NAME = AppIcon;
				CODE_SIGN_STYLE = Automatic;
				DEVELOPMENT_TEAM = KKAPFUUV8S;
				INFOPLIST_FILE = ChocofoodProject/Info.plist;
				LD_RUNPATH_SEARCH_PATHS = (
					"$(inherited)",
					"@executable_path/Frameworks",
				);
				PRODUCT_BUNDLE_IDENTIFIER = com.MuratMerekov.ChocofoodProject;
				PRODUCT_NAME = "$(TARGET_NAME)";
				SWIFT_VERSION = 5.0;
				TARGETED_DEVICE_FAMILY = "1,2";
			};
			name = Release;
		};
/* End XCBuildConfiguration section */

/* Begin XCConfigurationList section */
		FBC753ED25A7114A005982B5 /* Build configuration list for PBXProject "ChocofoodProject" */ = {
			isa = XCConfigurationList;
			buildConfigurations = (
				FBC7540425A7114B005982B5 /* Debug */,
				FBC7540525A7114B005982B5 /* Release */,
			);
			defaultConfigurationIsVisible = 0;
			defaultConfigurationName = Release;
		};
		FBC7540625A7114B005982B5 /* Build configuration list for PBXNativeTarget "ChocofoodProject" */ = {
			isa = XCConfigurationList;
			buildConfigurations = (
				FBC7540725A7114B005982B5 /* Debug */,
				FBC7540825A7114B005982B5 /* Release */,
			);
			defaultConfigurationIsVisible = 0;
			defaultConfigurationName = Release;
		};
/* End XCConfigurationList section */
	};
	rootObject = FBC753EA25A7114A005982B5 /* Project object */;
}
